
Microsoft Visual Studio Solution File, Format Version 12.00
# Visual Studio Version 17
VisualStudioVersion = 17.8.34511.84
MinimumVisualStudioVersion = 10.0.40219.1
Project("{9A19103F-16F7-4668-BE54-9A1E7A4F7556}") = "BusinessObject", "BusinessObject\BusinessObject.csproj", "{2ACBEB38-6C97-4C6A-BDA0-2FC4A4E11CCC}"
EndProject
Project("{9A19103F-16F7-4668-BE54-9A1E7A4F7556}") = "DataAccess", "DataAccess\DataAccess.csproj", "{EF74519F-BBE6-48DF-9E42-24FF234E2819}"
EndProject
Project("{9A19103F-16F7-4668-BE54-9A1E7A4F7556}") = "Repository", "Repository\Repository.csproj", "{C72A16C1-138E-4760-AA0A-27359FAC5BBD}"
EndProject
Project("{FAE04EC0-301F-11D3-BF4B-00C04F79EFBC}") = "WebAPI", "WebAPI\WebAPI.csproj", "{E73932D5-32FB-4B77-BF48-AF740B8CE7DB}"
EndProject
Project("{FAE04EC0-301F-11D3-BF4B-00C04F79EFBC}") = "WebClient", "WebClient\WebClient.csproj", "{CBCC640C-DB73-4B51-9029-0E2BF7204443}"
EndProject
Global
	GlobalSection(SolutionConfigurationPlatforms) = preSolution
		Debug|Any CPU = Debug|Any CPU
		Release|Any CPU = Release|Any CPU
	EndGlobalSection
	GlobalSection(ProjectConfigurationPlatforms) = postSolution
		{2ACBEB38-6C97-4C6A-BDA0-2FC4A4E11CCC}.Debug|Any CPU.ActiveCfg = Debug|Any CPU
		{2ACBEB38-6C97-4C6A-BDA0-2FC4A4E11CCC}.Debug|Any CPU.Build.0 = Debug|Any CPU
		{2ACBEB38-6C97-4C6A-BDA0-2FC4A4E11CCC}.Release|Any CPU.ActiveCfg = Release|Any CPU
		{2ACBEB38-6C97-4C6A-BDA0-2FC4A4E11CCC}.Release|Any CPU.Build.0 = Release|Any CPU
		{EF74519F-BBE6-48DF-9E42-24FF234E2819}.Debug|Any CPU.ActiveCfg = Debug|Any CPU
		{EF74519F-BBE6-48DF-9E42-24FF234E2819}.Debug|Any CPU.Build.0 = Debug|Any CPU
		{EF74519F-BBE6-48DF-9E42-24FF234E2819}.Release|Any CPU.ActiveCfg = Release|Any CPU
		{EF74519F-BBE6-48DF-9E42-24FF234E2819}.Release|Any CPU.Build.0 = Release|Any CPU
		{C72A16C1-138E-4760-AA0A-27359FAC5BBD}.Debug|Any CPU.ActiveCfg = Debug|Any CPU
		{C72A16C1-138E-4760-AA0A-27359FAC5BBD}.Debug|Any CPU.Build.0 = Debug|Any CPU
		{C72A16C1-138E-4760-AA0A-27359FAC5BBD}.Release|Any CPU.ActiveCfg = Release|Any CPU
		{C72A16C1-138E-4760-AA0A-27359FAC5BBD}.Release|Any CPU.Build.0 = Release|Any CPU
		{E73932D5-32FB-4B77-BF48-AF740B8CE7DB}.Debug|Any CPU.ActiveCfg = Debug|Any CPU
		{E73932D5-32FB-4B77-BF48-AF740B8CE7DB}.Debug|Any CPU.Build.0 = Debug|Any CPU
		{E73932D5-32FB-4B77-BF48-AF740B8CE7DB}.Release|Any CPU.ActiveCfg = Release|Any CPU
		{E73932D5-32FB-4B77-BF48-AF740B8CE7DB}.Release|Any CPU.Build.0 = Release|Any CPU
		{CBCC640C-DB73-4B51-9029-0E2BF7204443}.Debug|Any CPU.ActiveCfg = Debug|Any CPU
		{CBCC640C-DB73-4B51-9029-0E2BF7204443}.Debug|Any CPU.Build.0 = Debug|Any CPU
		{CBCC640C-DB73-4B51-9029-0E2BF7204443}.Release|Any CPU.ActiveCfg = Release|Any CPU
		{CBCC640C-DB73-4B51-9029-0E2BF7204443}.Release|Any CPU.Build.0 = Release|Any CPU
	EndGlobalSection
	GlobalSection(SolutionProperties) = preSolution
		HideSolutionNode = FALSE
	EndGlobalSection
	GlobalSection(ExtensibilityGlobals) = postSolution
		SolutionGuid = {CC134D66-9396-484A-A67C-AEFA6088A7FD}
	EndGlobalSection
EndGlobal
